Microsoft Visual Studio Solution File, Format Version 12.00
# Visual Studio Version 18
VisualStudioVersion = 18.5.11709.299 stable
MinimumVisualStudioVersion = 10.0.40219.1
Project("{2150E333-8FDC-42A3-9474-1A3956D46DE8}") = "Demos", "Demos", "{AFC28C9E-17FD-4DEC-9870-8B98C661764A}"
EndProject
Project("{9A19103F-16F7-4668-BE54-9A1E7A4F7556}") = "Slider", "Games\Slider\Slider.csproj", "{7D2ED868-CA1D-4F55-85B1-2BA428FF3E0C}"
EndProject
Project("{9A19103F-16F7-4668-BE54-9A1E7A4F7556}") = "Spot", "Games\Spot\Spot.csproj", "{D7E088FB-FD26-4CE8-AE7E-E809F1F2D8AA}"
EndProject
Project("{2150E333-8FDC-42A3-9474-1A3956D46DE8}") = "Solution Items", "Solution Items", "{FC217C36-1278-4820-86D5-951EFEF6E28D}"
	ProjectSection(SolutionItems) = preProject
		.gitignore = .gitignore
		CHANGELOG.md = CHANGELOG.md
		Directory.Build.props = Directory.Build.props
		version.json = version.json
	EndProjectSection
EndProject
Project("{FAE04EC0-301F-11D3-BF4B-00C04F79EFBC}") = "Gondwana", "Gondwana\Gondwana.csproj", "{208754FD-B132-EEBD-A1C1-FC105730B970}"
EndProject
Project("{FAE04EC0-301F-11D3-BF4B-00C04F79EFBC}") = "Gondwana.WinForms", "Gondwana.WinForms\Gondwana.WinForms.csproj", "{E3D12E77-2A2B-4D14-A76E-9E7FD9AB534A}"
EndProject
Project("{FAE04EC0-301F-11D3-BF4B-00C04F79EFBC}") = "Gondwana.Audio.Midi", "Gondwana.Audio.Midi\Gondwana.Audio.Midi.csproj", "{52B85595-4300-4725-A0C9-87D3AEAAA9AA}"
EndProject
Project("{FAE04EC0-301F-11D3-BF4B-00C04F79EFBC}") = "Gondwana.Video", "Gondwana.Video\Gondwana.Video.csproj", "{8DD90A45-56EC-605B-636B-C5238328283F}"
EndProject
Project("{2150E333-8FDC-42A3-9474-1A3956D46DE8}") = "docs", "docs", "{02EA681E-C7D8-13C7-8484-4AC65E1B71E8}"
	ProjectSection(SolutionItems) = preProject
		Solution Items\docs\gondwana-core-diagrams.puml = Solution Items\docs\gondwana-core-diagrams.puml
		Solution Items\docs\Gondwana_Activity_Diagrams_PlantUML.zip = Solution Items\docs\Gondwana_Activity_Diagrams_PlantUML.zip
		Solution Items\docs\Gondwana_Sequence_Diagrams_PlantUML.zip = Solution Items\docs\Gondwana_Sequence_Diagrams_PlantUML.zip
		Solution Items\docs\Gondwana_UML_PlantUML.zip = Solution Items\docs\Gondwana_UML_PlantUML.zip
		Solution Items\docs\Screen-World-Grid.puml = Solution Items\docs\Screen-World-Grid.puml
		Solution Items\docs\World-Screen.puml = Solution Items\docs\World-Screen.puml
	EndProjectSection
EndProject
Project("{2150E333-8FDC-42A3-9474-1A3956D46DE8}") = "licenses", "licenses", "{3B510C60-8DE3-4B61-A934-5FAB2A699657}"
	ProjectSection(SolutionItems) = preProject
		Solution Items\licenses\gondwana.txt = Solution Items\licenses\gondwana.txt
		Solution Items\licenses\skia.txt = Solution Items\licenses\skia.txt
		Solution Items\licenses\skiasharp.txt = Solution Items\licenses\skiasharp.txt
	EndProjectSection
EndProject
Project("{FAE04EC0-301F-11D3-BF4B-00C04F79EFBC}") = "Gondwana.CoordinateTest", "Testing\Gondwana.CoordinateTest\Gondwana.CoordinateTest.csproj", "{757C399E-8773-053E-A919-24DB11B7766A}"
EndProject
Project("{FAE04EC0-301F-11D3-BF4B-00C04F79EFBC}") = "Gondwana.ParticleTest", "Testing\Gondwana.ParticleTest\Gondwana.ParticleTest.csproj", "{F0FB514C-73FC-48C8-7360-D630D5518620}"
EndProject
Project("{FAE04EC0-301F-11D3-BF4B-00C04F79EFBC}") = "Gondwana.Hosting", "Gondwana.Hosting\Gondwana.Hosting.csproj", "{0B974397-F623-4D66-886C-B02C1ED22A7D}"
EndProject
Project("{FAE04EC0-301F-11D3-BF4B-00C04F79EFBC}") = "Gondwana.WinForms.Hosting", "Gondwana.WinForms.Hosting\Gondwana.WinForms.Hosting.csproj", "{FEEB1002-3DC0-453D-87F6-9DC665C4097B}"
EndProject
Project("{2150E333-8FDC-42A3-9474-1A3956D46DE8}") = "assets", "assets", "{0855DCA7-B21B-4C1A-BED9-D962837CED0E}"
	ProjectSection(SolutionItems) = preProject
		assets\2.mov = assets\2.mov
		assets\appfile.ico = assets\appfile.ico
		assets\Architects_Daughter,Comic_Neue.zip = assets\Architects_Daughter,Comic_Neue.zip
		assets\bitmap.ico = assets\bitmap.ico
		assets\Castle4_Simon.mid = assets\Castle4_Simon.mid
		assets\chicken-1.wav = assets\chicken-1.wav
		assets\clouds.jpg = assets\clouds.jpg
		assets\clouds_slice.png = assets\clouds_slice.png
		assets\Copy (2) of original.bmp = assets\Copy (2) of original.bmp
		assets\Copy (2) of original_mask.bmp = assets\Copy (2) of original_mask.bmp
		assets\Copy of Castle4_Simon.mid = assets\Copy of Castle4_Simon.mid
		assets\Copy of original.bmp = assets\Copy of original.bmp
		assets\Copy of original_mask.bmp = assets\Copy of original_mask.bmp
		assets\Copy of systems.wav = assets\Copy of systems.wav
		assets\cursor.ico = assets\cursor.ico
		assets\cycle.ico = assets\cycle.ico
		assets\dorian.mid = assets\dorian.mid
		assets\explosion-01.wav = assets\explosion-01.wav
		assets\file.ico = assets\file.ico
		assets\folder.ico = assets\folder.ico
		assets\fox-wtc7.wmv = assets\fox-wtc7.wmv
		assets\glass.wmv = assets\glass.wmv
		assets\gondwana-icon.png = assets\gondwana-icon.png
		assets\grid.ico = assets\grid.ico
		assets\grid2.ico = assets\grid2.ico
		assets\house.wma = assets\house.wma
		assets\Image1.bmp = assets\Image1.bmp
		assets\jeanne.wma = assets\jeanne.wma
		assets\laure.wma = assets\laure.wma
		assets\laure_multi.wma = assets\laure_multi.wma
		assets\layers.ico = assets\layers.ico
		assets\media.ico = assets\media.ico
		assets\mellow.wma = assets\mellow.wma
		assets\multilang.wma = assets\multilang.wma
		assets\multimedia.ico = assets\multimedia.ico
		assets\multimedia2.ico = assets\multimedia2.ico
		assets\original.bmp = assets\original.bmp
		assets\original_mask.bmp = assets\original_mask.bmp
		assets\project.ico = assets\project.ico
		assets\project2.ico = assets\project2.ico
		assets\Raton.asx = assets\Raton.asx
		assets\rendering.asf = assets\rendering.asf
		assets\resource.ico = assets\resource.ico
		assets\resource2.ico = assets\resource2.ico
		assets\rooster.bmp = assets\rooster.bmp
		assets\rooster_mask.bmp = assets\rooster_mask.bmp
		assets\rooster_mask_solidshadow.bmp = assets\rooster_mask_solidshadow.bmp
		assets\seattle.wmv = assets\seattle.wmv
		assets\smooth.wmv = assets\smooth.wmv
		assets\sprite.ico = assets\sprite.ico
		assets\sprite2.ico = assets\sprite2.ico
		assets\systems.wav = assets\systems.wav
		assets\tada.wav = assets\tada.wav
		assets\tilesets.xml = assets\tilesets.xml
		assets\tilesheet.ico = assets\tilesheet.ico
		assets\tsunami-worldpropagation2004.mpeg = assets\tsunami-worldpropagation2004.mpeg
		assets\wav.ico = assets\wav.ico
		assets\XMLFile1.xml = assets\XMLFile1.xml
		assets\XMLFile2.xml = assets\XMLFile2.xml
	EndProjectSection
EndProject
Project("{FAE04EC0-301F-11D3-BF4B-00C04F79EFBC}") = "Gondwana.Input.SDL2", "Gondwana.Input.SDL2\Gondwana.Input.SDL2.csproj", "{46216497-3C9B-48A6-A03F-970B64DFFCCF}"
EndProject
Project("{FAE04EC0-301F-11D3-BF4B-00C04F79EFBC}") = "Gondwana.Assets.WinForms", "Gondwana.Assets.WinForms\Gondwana.Assets.WinForms.csproj", "{E3B3DF06-CF7C-47D6-9F87-499EFCBD4981}"
EndProject
Project("{2150E333-8FDC-42A3-9474-1A3956D46DE8}") = "Tooling", "Tooling", "{AD16FE1C-14B5-4F89-83DD-933D044DC211}"
EndProject
Global
	GlobalSection(SolutionConfigurationPlatforms) = preSolution
		Debug|Any CPU = Debug|Any CPU
		Debug|Mixed Platforms = Debug|Mixed Platforms
		Debug|x86 = Debug|x86
		Release|Any CPU = Release|Any CPU
		Release|Mixed Platforms = Release|Mixed Platforms
		Release|x86 = Release|x86
	EndGlobalSection
	GlobalSection(ProjectConfigurationPlatforms) = postSolution
		{7D2ED868-CA1D-4F55-85B1-2BA428FF3E0C}.Debug|Any CPU.ActiveCfg = Debug|Any CPU
		{7D2ED868-CA1D-4F55-85B1-2BA428FF3E0C}.Debug|Any CPU.Build.0 = Debug|Any CPU
		{7D2ED868-CA1D-4F55-85B1-2BA428FF3E0C}.Debug|Mixed Platforms.ActiveCfg = Debug|Any CPU
		{7D2ED868-CA1D-4F55-85B1-2BA428FF3E0C}.Debug|Mixed Platforms.Build.0 = Debug|Any CPU
		{7D2ED868-CA1D-4F55-85B1-2BA428FF3E0C}.Debug|x86.ActiveCfg = Debug|Any CPU
		{7D2ED868-CA1D-4F55-85B1-2BA428FF3E0C}.Release|Any CPU.ActiveCfg = Release|Any CPU
		{7D2ED868-CA1D-4F55-85B1-2BA428FF3E0C}.Release|Any CPU.Build.0 = Release|Any CPU
		{7D2ED868-CA1D-4F55-85B1-2BA428FF3E0C}.Release|Mixed Platforms.ActiveCfg = Release|Any CPU
		{7D2ED868-CA1D-4F55-85B1-2BA428FF3E0C}.Release|Mixed Platforms.Build.0 = Release|Any CPU
		{7D2ED868-CA1D-4F55-85B1-2BA428FF3E0C}.Release|x86.ActiveCfg = Release|Any CPU
		{D7E088FB-FD26-4CE8-AE7E-E809F1F2D8AA}.Debug|Any CPU.ActiveCfg = Debug|x86
		{D7E088FB-FD26-4CE8-AE7E-E809F1F2D8AA}.Debug|Mixed Platforms.ActiveCfg = Debug|Any CPU
		{D7E088FB-FD26-4CE8-AE7E-E809F1F2D8AA}.Debug|Mixed Platforms.Build.0 = Debug|Any CPU
		{D7E088FB-FD26-4CE8-AE7E-E809F1F2D8AA}.Debug|x86.ActiveCfg = Debug|x86
		{D7E088FB-FD26-4CE8-AE7E-E809F1F2D8AA}.Debug|x86.Build.0 = Debug|x86
		{D7E088FB-FD26-4CE8-AE7E-E809F1F2D8AA}.Release|Any CPU.ActiveCfg = Release|x86
		{D7E088FB-FD26-4CE8-AE7E-E809F1F2D8AA}.Release|Mixed Platforms.ActiveCfg = Release|x86
		{D7E088FB-FD26-4CE8-AE7E-E809F1F2D8AA}.Release|Mixed Platforms.Build.0 = Release|x86
		{D7E088FB-FD26-4CE8-AE7E-E809F1F2D8AA}.Release|x86.ActiveCfg = Release|x86
		{D7E088FB-FD26-4CE8-AE7E-E809F1F2D8AA}.Release|x86.Build.0 = Release|x86
		{208754FD-B132-EEBD-A1C1-FC105730B970}.Debug|Any CPU.ActiveCfg = Debug|Any CPU
		{208754FD-B132-EEBD-A1C1-FC105730B970}.Debug|Any CPU.Build.0 = Debug|Any CPU
		{208754FD-B132-EEBD-A1C1-FC105730B970}.Debug|Mixed Platforms.ActiveCfg = Debug|Any CPU
		{208754FD-B132-EEBD-A1C1-FC105730B970}.Debug|Mixed Platforms.Build.0 = Debug|Any CPU
		{208754FD-B132-EEBD-A1C1-FC105730B970}.Debug|x86.ActiveCfg = Debug|Any CPU
		{208754FD-B132-EEBD-A1C1-FC105730B970}.Debug|x86.Build.0 = Debug|Any CPU
		{208754FD-B132-EEBD-A1C1-FC105730B970}.Release|Any CPU.ActiveCfg = Release|Any CPU
		{208754FD-B132-EEBD-A1C1-FC105730B970}.Release|Any CPU.Build.0 = Release|Any CPU
		{208754FD-B132-EEBD-A1C1-FC105730B970}.Release|Mixed Platforms.ActiveCfg = Release|Any CPU
		{208754FD-B132-EEBD-A1C1-FC105730B970}.Release|Mixed Platforms.Build.0 = Release|Any CPU
		{208754FD-B132-EEBD-A1C1-FC105730B970}.Release|x86.ActiveCfg = Release|Any CPU
		{208754FD-B132-EEBD-A1C1-FC105730B970}.Release|x86.Build.0 = Release|Any CPU
		{E3D12E77-2A2B-4D14-A76E-9E7FD9AB534A}.Debug|Any CPU.ActiveCfg = Debug|Any CPU
		{E3D12E77-2A2B-4D14-A76E-9E7FD9AB534A}.Debug|Any CPU.Build.0 = Debug|Any CPU
		{E3D12E77-2A2B-4D14-A76E-9E7FD9AB534A}.Debug|Mixed Platforms.ActiveCfg = Debug|Any CPU
		{E3D12E77-2A2B-4D14-A76E-9E7FD9AB534A}.Debug|Mixed Platforms.Build.0 = Debug|Any CPU
		{E3D12E77-2A2B-4D14-A76E-9E7FD9AB534A}.Debug|x86.ActiveCfg = Debug|Any CPU
		{E3D12E77-2A2B-4D14-A76E-9E7FD9AB534A}.Debug|x86.Build.0 = Debug|Any CPU
		{E3D12E77-2A2B-4D14-A76E-9E7FD9AB534A}.Release|Any CPU.ActiveCfg = Release|Any CPU
		{E3D12E77-2A2B-4D14-A76E-9E7FD9AB534A}.Release|Any CPU.Build.0 = Release|Any CPU
		{E3D12E77-2A2B-4D14-A76E-9E7FD9AB534A}.Release|Mixed Platforms.ActiveCfg = Release|Any CPU
		{E3D12E77-2A2B-4D14-A76E-9E7FD9AB534A}.Release|Mixed Platforms.Build.0 = Release|Any CPU
		{E3D12E77-2A2B-4D14-A76E-9E7FD9AB534A}.Release|x86.ActiveCfg = Release|Any CPU
		{E3D12E77-2A2B-4D14-A76E-9E7FD9AB534A}.Release|x86.Build.0 = Release|Any CPU
		{52B85595-4300-4725-A0C9-87D3AEAAA9AA}.Debug|Any CPU.ActiveCfg = Debug|Any CPU
		{52B85595-4300-4725-A0C9-87D3AEAAA9AA}.Debug|Any CPU.Build.0 = Debug|Any CPU
		{52B85595-4300-4725-A0C9-87D3AEAAA9AA}.Debug|Mixed Platforms.ActiveCfg = Debug|Any CPU
		{52B85595-4300-4725-A0C9-87D3AEAAA9AA}.Debug|Mixed Platforms.Build.0 = Debug|Any CPU
		{52B85595-4300-4725-A0C9-87D3AEAAA9AA}.Debug|x86.ActiveCfg = Debug|Any CPU
		{52B85595-4300-4725-A0C9-87D3AEAAA9AA}.Debug|x86.Build.0 = Debug|Any CPU
		{52B85595-4300-4725-A0C9-87D3AEAAA9AA}.Release|Any CPU.ActiveCfg = Release|Any CPU
		{52B85595-4300-4725-A0C9-87D3AEAAA9AA}.Release|Any CPU.Build.0 = Release|Any CPU
		{52B85595-4300-4725-A0C9-87D3AEAAA9AA}.Release|Mixed Platforms.ActiveCfg = Release|Any CPU
		{52B85595-4300-4725-A0C9-87D3AEAAA9AA}.Release|Mixed Platforms.Build.0 = Release|Any CPU
		{52B85595-4300-4725-A0C9-87D3AEAAA9AA}.Release|x86.ActiveCfg = Release|Any CPU
		{52B85595-4300-4725-A0C9-87D3AEAAA9AA}.Release|x86.Build.0 = Release|Any CPU
		{8DD90A45-56EC-605B-636B-C5238328283F}.Debug|Any CPU.ActiveCfg = Debug|Any CPU
		{8DD90A45-56EC-605B-636B-C5238328283F}.Debug|Any CPU.Build.0 = Debug|Any CPU
		{8DD90A45-56EC-605B-636B-C5238328283F}.Debug|Mixed Platforms.ActiveCfg = Debug|Any CPU
		{8DD90A45-56EC-605B-636B-C5238328283F}.Debug|Mixed Platforms.Build.0 = Debug|Any CPU
		{8DD90A45-56EC-605B-636B-C5238328283F}.Debug|x86.ActiveCfg = Debug|Any CPU
		{8DD90A45-56EC-605B-636B-C5238328283F}.Debug|x86.Build.0 = Debug|Any CPU
		{8DD90A45-56EC-605B-636B-C5238328283F}.Release|Any CPU.ActiveCfg = Release|Any CPU
		{8DD90A45-56EC-605B-636B-C5238328283F}.Release|Any CPU.Build.0 = Release|Any CPU
		{8DD90A45-56EC-605B-636B-C5238328283F}.Release|Mixed Platforms.ActiveCfg = Release|Any CPU
		{8DD90A45-56EC-605B-636B-C5238328283F}.Release|Mixed Platforms.Build.0 = Release|Any CPU
		{8DD90A45-56EC-605B-636B-C5238328283F}.Release|x86.ActiveCfg = Release|Any CPU
		{8DD90A45-56EC-605B-636B-C5238328283F}.Release|x86.Build.0 = Release|Any CPU
		{757C399E-8773-053E-A919-24DB11B7766A}.Debug|Any CPU.ActiveCfg = Debug|Any CPU
		{757C399E-8773-053E-A919-24DB11B7766A}.Debug|Any CPU.Build.0 = Debug|Any CPU
		{757C399E-8773-053E-A919-24DB11B7766A}.Debug|Mixed Platforms.ActiveCfg = Debug|Any CPU
		{757C399E-8773-053E-A919-24DB11B7766A}.Debug|Mixed Platforms.Build.0 = Debug|Any CPU
		{757C399E-8773-053E-A919-24DB11B7766A}.Debug|x86.ActiveCfg = Debug|Any CPU
		{757C399E-8773-053E-A919-24DB11B7766A}.Debug|x86.Build.0 = Debug|Any CPU
		{757C399E-8773-053E-A919-24DB11B7766A}.Release|Any CPU.ActiveCfg = Release|Any CPU
		{757C399E-8773-053E-A919-24DB11B7766A}.Release|Any CPU.Build.0 = Release|Any CPU
		{757C399E-8773-053E-A919-24DB11B7766A}.Release|Mixed Platforms.ActiveCfg = Release|Any CPU
		{757C399E-8773-053E-A919-24DB11B7766A}.Release|Mixed Platforms.Build.0 = Release|Any CPU
		{757C399E-8773-053E-A919-24DB11B7766A}.Release|x86.ActiveCfg = Release|Any CPU
		{757C399E-8773-053E-A919-24DB11B7766A}.Release|x86.Build.0 = Release|Any CPU
		{F0FB514C-73FC-48C8-7360-D630D5518620}.Debug|Any CPU.ActiveCfg = Debug|Any CPU
		{F0FB514C-73FC-48C8-7360-D630D5518620}.Debug|Any CPU.Build.0 = Debug|Any CPU
		{F0FB514C-73FC-48C8-7360-D630D5518620}.Debug|Mixed Platforms.ActiveCfg = Debug|Any CPU
		{F0FB514C-73FC-48C8-7360-D630D5518620}.Debug|Mixed Platforms.Build.0 = Debug|Any CPU
		{F0FB514C-73FC-48C8-7360-D630D5518620}.Debug|x86.ActiveCfg = Debug|Any CPU
		{F0FB514C-73FC-48C8-7360-D630D5518620}.Debug|x86.Build.0 = Debug|Any CPU
		{F0FB514C-73FC-48C8-7360-D630D5518620}.Release|Any CPU.ActiveCfg = Release|Any CPU
		{F0FB514C-73FC-48C8-7360-D630D5518620}.Release|Any CPU.Build.0 = Release|Any CPU
		{F0FB514C-73FC-48C8-7360-D630D5518620}.Release|Mixed Platforms.ActiveCfg = Release|Any CPU
		{F0FB514C-73FC-48C8-7360-D630D5518620}.Release|Mixed Platforms.Build.0 = Release|Any CPU
		{F0FB514C-73FC-48C8-7360-D630D5518620}.Release|x86.ActiveCfg = Release|Any CPU
		{F0FB514C-73FC-48C8-7360-D630D5518620}.Release|x86.Build.0 = Release|Any CPU
		{0B974397-F623-4D66-886C-B02C1ED22A7D}.Debug|Any CPU.ActiveCfg = Debug|Any CPU
		{0B974397-F623-4D66-886C-B02C1ED22A7D}.Debug|Any CPU.Build.0 = Debug|Any CPU
		{0B974397-F623-4D66-886C-B02C1ED22A7D}.Debug|Mixed Platforms.ActiveCfg = Debug|Any CPU
		{0B974397-F623-4D66-886C-B02C1ED22A7D}.Debug|Mixed Platforms.Build.0 = Debug|Any CPU
		{0B974397-F623-4D66-886C-B02C1ED22A7D}.Debug|x86.ActiveCfg = Debug|Any CPU
		{0B974397-F623-4D66-886C-B02C1ED22A7D}.Debug|x86.Build.0 = Debug|Any CPU
		{0B974397-F623-4D66-886C-B02C1ED22A7D}.Release|Any CPU.ActiveCfg = Release|Any CPU
		{0B974397-F623-4D66-886C-B02C1ED22A7D}.Release|Any CPU.Build.0 = Release|Any CPU
		{0B974397-F623-4D66-886C-B02C1ED22A7D}.Release|Mixed Platforms.ActiveCfg = Release|Any CPU
		{0B974397-F623-4D66-886C-B02C1ED22A7D}.Release|Mixed Platforms.Build.0 = Release|Any CPU
		{0B974397-F623-4D66-886C-B02C1ED22A7D}.Release|x86.ActiveCfg = Release|Any CPU
		{0B974397-F623-4D66-886C-B02C1ED22A7D}.Release|x86.Build.0 = Release|Any CPU
		{FEEB1002-3DC0-453D-87F6-9DC665C4097B}.Debug|Any CPU.ActiveCfg = Debug|Any CPU
		{FEEB1002-3DC0-453D-87F6-9DC665C4097B}.Debug|Any CPU.Build.0 = Debug|Any CPU
		{FEEB1002-3DC0-453D-87F6-9DC665C4097B}.Debug|Mixed Platforms.ActiveCfg = Debug|Any CPU
		{FEEB1002-3DC0-453D-87F6-9DC665C4097B}.Debug|Mixed Platforms.Build.0 = Debug|Any CPU
		{FEEB1002-3DC0-453D-87F6-9DC665C4097B}.Debug|x86.ActiveCfg = Debug|Any CPU
		{FEEB1002-3DC0-453D-87F6-9DC665C4097B}.Debug|x86.Build.0 = Debug|Any CPU
		{FEEB1002-3DC0-453D-87F6-9DC665C4097B}.Release|Any CPU.ActiveCfg = Release|Any CPU
		{FEEB1002-3DC0-453D-87F6-9DC665C4097B}.Release|Any CPU.Build.0 = Release|Any CPU
		{FEEB1002-3DC0-453D-87F6-9DC665C4097B}.Release|Mixed Platforms.ActiveCfg = Release|Any CPU
		{FEEB1002-3DC0-453D-87F6-9DC665C4097B}.Release|Mixed Platforms.Build.0 = Release|Any CPU
		{FEEB1002-3DC0-453D-87F6-9DC665C4097B}.Release|x86.ActiveCfg = Release|Any CPU
		{FEEB1002-3DC0-453D-87F6-9DC665C4097B}.Release|x86.Build.0 = Release|Any CPU
		{46216497-3C9B-48A6-A03F-970B64DFFCCF}.Debug|Any CPU.ActiveCfg = Debug|Any CPU
		{46216497-3C9B-48A6-A03F-970B64DFFCCF}.Debug|Any CPU.Build.0 = Debug|Any CPU
		{46216497-3C9B-48A6-A03F-970B64DFFCCF}.Debug|Mixed Platforms.ActiveCfg = Debug|Any CPU
		{46216497-3C9B-48A6-A03F-970B64DFFCCF}.Debug|Mixed Platforms.Build.0 = Debug|Any CPU
		{46216497-3C9B-48A6-A03F-970B64DFFCCF}.Debug|x86.ActiveCfg = Debug|Any CPU
		{46216497-3C9B-48A6-A03F-970B64DFFCCF}.Debug|x86.Build.0 = Debug|Any CPU
		{46216497-3C9B-48A6-A03F-970B64DFFCCF}.Release|Any CPU.ActiveCfg = Release|Any CPU
		{46216497-3C9B-48A6-A03F-970B64DFFCCF}.Release|Any CPU.Build.0 = Release|Any CPU
		{46216497-3C9B-48A6-A03F-970B64DFFCCF}.Release|Mixed Platforms.ActiveCfg = Release|Any CPU
		{46216497-3C9B-48A6-A03F-970B64DFFCCF}.Release|Mixed Platforms.Build.0 = Release|Any CPU
		{46216497-3C9B-48A6-A03F-970B64DFFCCF}.Release|x86.ActiveCfg = Release|Any CPU
		{46216497-3C9B-48A6-A03F-970B64DFFCCF}.Release|x86.Build.0 = Release|Any CPU
		{E3B3DF06-CF7C-47D6-9F87-499EFCBD4981}.Debug|Any CPU.ActiveCfg = Debug|Any CPU
		{E3B3DF06-CF7C-47D6-9F87-499EFCBD4981}.Debug|Any CPU.Build.0 = Debug|Any CPU
		{E3B3DF06-CF7C-47D6-9F87-499EFCBD4981}.Debug|Mixed Platforms.ActiveCfg = Debug|Any CPU
		{E3B3DF06-CF7C-47D6-9F87-499EFCBD4981}.Debug|Mixed Platforms.Build.0 = Debug|Any CPU
		{E3B3DF06-CF7C-47D6-9F87-499EFCBD4981}.Debug|x86.ActiveCfg = Debug|Any CPU
		{E3B3DF06-CF7C-47D6-9F87-499EFCBD4981}.Debug|x86.Build.0 = Debug|Any CPU
		{E3B3DF06-CF7C-47D6-9F87-499EFCBD4981}.Release|Any CPU.ActiveCfg = Release|Any CPU
		{E3B3DF06-CF7C-47D6-9F87-499EFCBD4981}.Release|Any CPU.Build.0 = Release|Any CPU
		{E3B3DF06-CF7C-47D6-9F87-499EFCBD4981}.Release|Mixed Platforms.ActiveCfg = Release|Any CPU
		{E3B3DF06-CF7C-47D6-9F87-499EFCBD4981}.Release|Mixed Platforms.Build.0 = Release|Any CPU
		{E3B3DF06-CF7C-47D6-9F87-499EFCBD4981}.Release|x86.ActiveCfg = Release|Any CPU
		{E3B3DF06-CF7C-47D6-9F87-499EFCBD4981}.Release|x86.Build.0 = Release|Any CPU
	EndGlobalSection
	GlobalSection(SolutionProperties) = preSolution
		HideSolutionNode = FALSE
	EndGlobalSection
	GlobalSection(NestedProjects) = preSolution
		{7D2ED868-CA1D-4F55-85B1-2BA428FF3E0C} = {AFC28C9E-17FD-4DEC-9870-8B98C661764A}
		{D7E088FB-FD26-4CE8-AE7E-E809F1F2D8AA} = {AFC28C9E-17FD-4DEC-9870-8B98C661764A}
		{02EA681E-C7D8-13C7-8484-4AC65E1B71E8} = {FC217C36-1278-4820-86D5-951EFEF6E28D}
		{3B510C60-8DE3-4B61-A934-5FAB2A699657} = {FC217C36-1278-4820-86D5-951EFEF6E28D}
		{757C399E-8773-053E-A919-24DB11B7766A} = {AFC28C9E-17FD-4DEC-9870-8B98C661764A}
		{F0FB514C-73FC-48C8-7360-D630D5518620} = {AFC28C9E-17FD-4DEC-9870-8B98C661764A}
		{0855DCA7-B21B-4C1A-BED9-D962837CED0E} = {FC217C36-1278-4820-86D5-951EFEF6E28D}
		{E3B3DF06-CF7C-47D6-9F87-499EFCBD4981} = {AD16FE1C-14B5-4F89-83DD-933D044DC211}
	EndGlobalSection
	GlobalSection(ExtensibilityGlobals) = postSolution
		SolutionGuid = {A027047D-3D9C-4015-B3E0-DEEAE46DA4CC}
	EndGlobalSection
EndGlobal
