
Microsoft Visual Studio Solution File, Format Version 12.00
# Visual Studio Version 18
VisualStudioVersion = 18.5.11723.231
MinimumVisualStudioVersion = 10.0.40219.1
Project("{2150E333-8FDC-42A3-9474-1A3956D46DE8}") = "Demos", "Demos", "{AFC28C9E-17FD-4DEC-9870-8B98C661764A}"
EndProject
Project("{9A19103F-16F7-4668-BE54-9A1E7A4F7556}") = "Slider", "Demos\Slider\Slider.csproj", "{7D2ED868-CA1D-4F55-85B1-2BA428FF3E0C}"
EndProject
Project("{9A19103F-16F7-4668-BE54-9A1E7A4F7556}") = "Spot", "Demos\Spot\Spot.csproj", "{D7E088FB-FD26-4CE8-AE7E-E809F1F2D8AA}"
EndProject
Project("{FAE04EC0-301F-11D3-BF4B-00C04F79EFBC}") = "SpotAvalonia", "Demos\SpotAvalonia\SpotAvalonia.csproj", "{A1B2C3D4-E5F6-7890-ABCD-EF1234567890}"
EndProject
Project("{2150E333-8FDC-42A3-9474-1A3956D46DE8}") = "Solution Items", "Solution Items", "{FC217C36-1278-4820-86D5-951EFEF6E28D}"
	ProjectSection(SolutionItems) = preProject
		.gitignore = .gitignore
		CHANGELOG.md = CHANGELOG.md
		CLICHEATSHEET.md = CLICHEATSHEET.md
		Directory.Build.props = Directory.Build.props
		engine-lifecycle.md = engine-lifecycle.md
		gondwana-logo.png = gondwana-logo.png
		ONBOARDING.md = ONBOARDING.md
		README.md = README.md
		ROADMAP.md = ROADMAP.md
		version.json = version.json
	EndProjectSection
EndProject
Project("{FAE04EC0-301F-11D3-BF4B-00C04F79EFBC}") = "Gondwana", "Gondwana\Gondwana.csproj", "{208754FD-B132-EEBD-A1C1-FC105730B970}"
EndProject
Project("{FAE04EC0-301F-11D3-BF4B-00C04F79EFBC}") = "Gondwana.WinForms", "Gondwana.WinForms\Gondwana.WinForms.csproj", "{E3D12E77-2A2B-4D14-A76E-9E7FD9AB534A}"
EndProject
Project("{FAE04EC0-301F-11D3-BF4B-00C04F79EFBC}") = "Gondwana.Audio.Midi", "Gondwana.Audio.Midi\Gondwana.Audio.Midi.csproj", "{52B85595-4300-4725-A0C9-87D3AEAAA9AA}"
EndProject
Project("{FAE04EC0-301F-11D3-BF4B-00C04F79EFBC}") = "Gondwana.Audio.Browser", "Gondwana.Audio.Browser\Gondwana.Audio.Browser.csproj", "{3A4B5C6D-7E8F-9A0B-C1D2-E3F4A5B6C7D8}"
EndProject
Project("{FAE04EC0-301F-11D3-BF4B-00C04F79EFBC}") = "Gondwana.Video", "Gondwana.Video\Gondwana.Video.csproj", "{8DD90A45-56EC-605B-636B-C5238328283F}"
EndProject
Project("{2150E333-8FDC-42A3-9474-1A3956D46DE8}") = "licenses", "licenses", "{3B510C60-8DE3-4B61-A934-5FAB2A699657}"
	ProjectSection(SolutionItems) = preProject
		Solution Items\licenses\gondwana.txt = Solution Items\licenses\gondwana.txt
		Solution Items\licenses\skia.txt = Solution Items\licenses\skia.txt
		Solution Items\licenses\skiasharp.txt = Solution Items\licenses\skiasharp.txt
	EndProjectSection
EndProject
Project("{FAE04EC0-301F-11D3-BF4B-00C04F79EFBC}") = "Gondwana.CoordinateTest", "Demos\Gondwana.CoordinateTest\Gondwana.CoordinateTest.csproj", "{757C399E-8773-053E-A919-24DB11B7766A}"
EndProject
Project("{FAE04EC0-301F-11D3-BF4B-00C04F79EFBC}") = "Gondwana.ParticleTest", "Demos\Gondwana.ParticleTest\Gondwana.ParticleTest.csproj", "{F0FB514C-73FC-48C8-7360-D630D5518620}"
EndProject
Project("{FAE04EC0-301F-11D3-BF4B-00C04F79EFBC}") = "Gondwana.Hosting", "Gondwana.Hosting\Gondwana.Hosting.csproj", "{0B974397-F623-4D66-886C-B02C1ED22A7D}"
EndProject
Project("{FAE04EC0-301F-11D3-BF4B-00C04F79EFBC}") = "Gondwana.WinForms.Hosting", "Gondwana.WinForms.Hosting\Gondwana.WinForms.Hosting.csproj", "{FEEB1002-3DC0-453D-87F6-9DC665C4097B}"
EndProject
Project("{2150E333-8FDC-42A3-9474-1A3956D46DE8}") = "assets", "assets", "{0855DCA7-B21B-4C1A-BED9-D962837CED0E}"
	ProjectSection(SolutionItems) = preProject
		assets\2.mov = assets\2.mov
		assets\appfile.ico = assets\appfile.ico
		assets\Architects_Daughter,Comic_Neue.zip = assets\Architects_Daughter,Comic_Neue.zip
		assets\bitmap.ico = assets\bitmap.ico
		assets\Castle4_Simon.mid = assets\Castle4_Simon.mid
		assets\chicken-1.wav = assets\chicken-1.wav
		assets\clouds.jpg = assets\clouds.jpg
		assets\clouds_slice.png = assets\clouds_slice.png
		assets\Copy (2) of original.bmp = assets\Copy (2) of original.bmp
		assets\Copy (2) of original_mask.bmp = assets\Copy (2) of original_mask.bmp
		assets\Copy of Castle4_Simon.mid = assets\Copy of Castle4_Simon.mid
		assets\Copy of original.bmp = assets\Copy of original.bmp
		assets\Copy of original_mask.bmp = assets\Copy of original_mask.bmp
		assets\Copy of systems.wav = assets\Copy of systems.wav
		assets\cursor.ico = assets\cursor.ico
		assets\cycle.ico = assets\cycle.ico
		assets\dorian.mid = assets\dorian.mid
		assets\explosion-01.wav = assets\explosion-01.wav
		assets\file.ico = assets\file.ico
		assets\folder.ico = assets\folder.ico
		assets\fox-wtc7.wmv = assets\fox-wtc7.wmv
		assets\glass.wmv = assets\glass.wmv
		assets\gondwana-icon.png = assets\gondwana-icon.png
		assets\grid.ico = assets\grid.ico
		assets\grid2.ico = assets\grid2.ico
		assets\house.wma = assets\house.wma
		assets\Image1.bmp = assets\Image1.bmp
		assets\jeanne.wma = assets\jeanne.wma
		assets\laure.wma = assets\laure.wma
		assets\laure_multi.wma = assets\laure_multi.wma
		assets\layers.ico = assets\layers.ico
		assets\media.ico = assets\media.ico
		assets\mellow.wma = assets\mellow.wma
		assets\multilang.wma = assets\multilang.wma
		assets\multimedia.ico = assets\multimedia.ico
		assets\multimedia2.ico = assets\multimedia2.ico
		assets\original.bmp = assets\original.bmp
		assets\original_mask.bmp = assets\original_mask.bmp
		assets\project.ico = assets\project.ico
		assets\project2.ico = assets\project2.ico
		assets\Raton.asx = assets\Raton.asx
		assets\rendering.asf = assets\rendering.asf
		assets\resource.ico = assets\resource.ico
		assets\resource2.ico = assets\resource2.ico
		assets\rooster.bmp = assets\rooster.bmp
		assets\rooster_mask.bmp = assets\rooster_mask.bmp
		assets\rooster_mask_solidshadow.bmp = assets\rooster_mask_solidshadow.bmp
		assets\seattle.wmv = assets\seattle.wmv
		assets\smooth.wmv = assets\smooth.wmv
		assets\sprite.ico = assets\sprite.ico
		assets\sprite2.ico = assets\sprite2.ico
		assets\systems.wav = assets\systems.wav
		assets\tada.wav = assets\tada.wav
		assets\tilesets.xml = assets\tilesets.xml
		assets\tilesheet.ico = assets\tilesheet.ico
		assets\tsunami-worldpropagation2004.mpeg = assets\tsunami-worldpropagation2004.mpeg
		assets\wav.ico = assets\wav.ico
		assets\XMLFile1.xml = assets\XMLFile1.xml
		assets\XMLFile2.xml = assets\XMLFile2.xml
	EndProjectSection
EndProject
Project("{FAE04EC0-301F-11D3-BF4B-00C04F79EFBC}") = "Gondwana.Input.SDL2", "Gondwana.Input.SDL2\Gondwana.Input.SDL2.csproj", "{46216497-3C9B-48A6-A03F-970B64DFFCCF}"
EndProject
Project("{2150E333-8FDC-42A3-9474-1A3956D46DE8}") = "Tooling", "Tooling", "{AD16FE1C-14B5-4F89-83DD-933D044DC211}"
	ProjectSection(SolutionItems) = preProject
		Tooling\README.md = Tooling\README.md
	EndProjectSection
EndProject
Project("{2150E333-8FDC-42A3-9474-1A3956D46DE8}") = "documentation", "documentation", "{3752648C-1686-442C-B3CB-D6E2DFD260CA}"
	ProjectSection(SolutionItems) = preProject
		Solution Items\documentation\architecture-diagram.puml = Solution Items\documentation\architecture-diagram.puml
		Solution Items\documentation\component-diagram.puml = Solution Items\documentation\component-diagram.puml
		Solution Items\documentation\core-class-diagram.puml = Solution Items\documentation\core-class-diagram.puml
		Solution Items\documentation\rendering-pipeline-flowchart-bitmap-backbuffer.puml = Solution Items\documentation\rendering-pipeline-flowchart-bitmap-backbuffer.puml
		Solution Items\documentation\rendering-pipeline-flowchart-gpu-backbuffer.puml = Solution Items\documentation\rendering-pipeline-flowchart-gpu-backbuffer.puml
		Solution Items\documentation\rendering-pipeline-flowchart.puml = Solution Items\documentation\rendering-pipeline-flowchart.puml
		Solution Items\documentation\rendering-pipeline-sequence.puml = Solution Items\documentation\rendering-pipeline-sequence.puml
	EndProjectSection
EndProject
Project("{FAE04EC0-301F-11D3-BF4B-00C04F79EFBC}") = "Gondwana.Assets.WinForms", "Tooling\Gondwana.Assets.WinForms\Gondwana.Assets.WinForms.csproj", "{F059118F-6A87-7D7B-03FE-2B7D24A12554}"
EndProject
Project("{FAE04EC0-301F-11D3-BF4B-00C04F79EFBC}") = "Gondwana.Studio", "Tooling\Gondwana.Studio\Gondwana.Studio.csproj", "{7472B43A-FACF-4F8D-BF93-B409561F2685}"
EndProject
Project("{FAE04EC0-301F-11D3-BF4B-00C04F79EFBC}") = "Gondwana.Templates", "Tooling\Gondwana.Templates\Gondwana.Templates.csproj", "{98C81696-AE38-5E2D-E2A5-70DBBD23CEE1}"
EndProject
Project("{FAE04EC0-301F-11D3-BF4B-00C04F79EFBC}") = "Gondwana.Cli", "Tooling\Gondwana.Cli\Gondwana.Cli.csproj", "{B3A1C2D4-5E6F-7A8B-9C0D-E1F2A3B4C5D6}"
EndProject
Project("{FAE04EC0-301F-11D3-BF4B-00C04F79EFBC}") = "Gondwana.Avalonia", "Gondwana.Avalonia\Gondwana.Avalonia.csproj", "{76A8E796-93C9-06E9-CD9C-CC5D0705AA91}"
EndProject
Project("{FAE04EC0-301F-11D3-BF4B-00C04F79EFBC}") = "Gondwana.Avalonia.Hosting", "Gondwana.Avalonia.Hosting\Gondwana.Avalonia.Hosting.csproj", "{EA889D06-E9CB-6431-6D7F-6B8260F3F9BC}"
EndProject
Project("{FAE04EC0-301F-11D3-BF4B-00C04F79EFBC}") = "Gondwana.Blazor", "Gondwana.Blazor\Gondwana.Blazor.csproj", "{C1D2E3F4-A5B6-7890-CDEF-123456789ABC}"
EndProject
Project("{FAE04EC0-301F-11D3-BF4B-00C04F79EFBC}") = "Gondwana.Blazor.Hosting", "Gondwana.Blazor.Hosting\Gondwana.Blazor.Hosting.csproj", "{D2E3F4A5-B6C7-8901-DEF0-234567890BCD}"
EndProject
Project("{2150E333-8FDC-42A3-9474-1A3956D46DE8}") = "old", "old", "{02EA681E-C7D8-13C7-8484-4AC65E1B71E8}"
	ProjectSection(SolutionItems) = preProject
		Solution Items\documentation\old\gondwana-core-diagrams.puml = Solution Items\documentation\old\gondwana-core-diagrams.puml
		Solution Items\documentation\old\Gondwana_Activity_Diagrams_PlantUML.zip = Solution Items\documentation\old\Gondwana_Activity_Diagrams_PlantUML.zip
		Solution Items\documentation\old\Gondwana_Sequence_Diagrams_PlantUML.zip = Solution Items\documentation\old\Gondwana_Sequence_Diagrams_PlantUML.zip
		Solution Items\documentation\old\Gondwana_UML_PlantUML.zip = Solution Items\documentation\old\Gondwana_UML_PlantUML.zip
		Solution Items\documentation\old\Screen-World-Grid.puml = Solution Items\documentation\old\Screen-World-Grid.puml
		Solution Items\documentation\old\World-Screen.puml = Solution Items\documentation\old\World-Screen.puml
	EndProjectSection
EndProject
Project("{2150E333-8FDC-42A3-9474-1A3956D46DE8}") = "scripts", "scripts", "{B3863636-AEE0-487D-91B4-A12328913A48}"
	ProjectSection(SolutionItems) = preProject
		Tooling\scripts\Deploy-Gondwana-Itch.ps1 = Tooling\scripts\Deploy-Gondwana-Itch.ps1
		Tooling\scripts\Deploy-Gondwana-Website.ps1 = Tooling\scripts\Deploy-Gondwana-Website.ps1
		Tooling\scripts\Generate-Project-Changelogs.ps1 = Tooling\scripts\Generate-Project-Changelogs.ps1
		Tooling\scripts\Publish-Gondwana-Wasm.ps1 = Tooling\scripts\Publish-Gondwana-Wasm.ps1
		Tooling\scripts\README.md = Tooling\scripts\README.md
		Tooling\scripts\Reinstall-Gondwana-Cli.ps1 = Tooling\scripts\Reinstall-Gondwana-Cli.ps1
		Tooling\scripts\Reinstall-Gondwana-Templates.ps1 = Tooling\scripts\Reinstall-Gondwana-Templates.ps1
		Tooling\scripts\release.ps1 = Tooling\scripts\release.ps1
		Tooling\scripts\Setup-Gondwana-Dev.ps1 = Tooling\scripts\Setup-Gondwana-Dev.ps1
	EndProjectSection
EndProject
Project("{2150E333-8FDC-42A3-9474-1A3956D46DE8}") = "Testing", "Testing", "{9E16DEC8-4A17-4DE9-B359-132983D65993}"
EndProject
Project("{FAE04EC0-301F-11D3-BF4B-00C04F79EFBC}") = "Gondwana.Tests", "Testing\Gondwana.Tests\Gondwana.Tests.csproj", "{642DBEBD-1EFE-C5F3-2AB7-5E9A195F52F2}"
EndProject
Global
	GlobalSection(SolutionConfigurationPlatforms) = preSolution
		Debug|Any CPU = Debug|Any CPU
		Debug|Mixed Platforms = Debug|Mixed Platforms
		Debug|x64 = Debug|x64
		Debug|x86 = Debug|x86
		Release|Any CPU = Release|Any CPU
		Release|Mixed Platforms = Release|Mixed Platforms
		Release|x64 = Release|x64
		Release|x86 = Release|x86
	EndGlobalSection
	GlobalSection(ProjectConfigurationPlatforms) = postSolution
		{7D2ED868-CA1D-4F55-85B1-2BA428FF3E0C}.Debug|Any CPU.ActiveCfg = Debug|Any CPU
		{7D2ED868-CA1D-4F55-85B1-2BA428FF3E0C}.Debug|Any CPU.Build.0 = Debug|Any CPU
		{7D2ED868-CA1D-4F55-85B1-2BA428FF3E0C}.Debug|Mixed Platforms.ActiveCfg = Debug|Any CPU
		{7D2ED868-CA1D-4F55-85B1-2BA428FF3E0C}.Debug|Mixed Platforms.Build.0 = Debug|Any CPU
		{7D2ED868-CA1D-4F55-85B1-2BA428FF3E0C}.Debug|x64.ActiveCfg = Debug|Any CPU
		{7D2ED868-CA1D-4F55-85B1-2BA428FF3E0C}.Debug|x64.Build.0 = Debug|Any CPU
		{7D2ED868-CA1D-4F55-85B1-2BA428FF3E0C}.Debug|x86.ActiveCfg = Debug|Any CPU
		{7D2ED868-CA1D-4F55-85B1-2BA428FF3E0C}.Release|Any CPU.ActiveCfg = Release|Any CPU
		{7D2ED868-CA1D-4F55-85B1-2BA428FF3E0C}.Release|Any CPU.Build.0 = Release|Any CPU
		{7D2ED868-CA1D-4F55-85B1-2BA428FF3E0C}.Release|Mixed Platforms.ActiveCfg = Release|Any CPU
		{7D2ED868-CA1D-4F55-85B1-2BA428FF3E0C}.Release|Mixed Platforms.Build.0 = Release|Any CPU
		{7D2ED868-CA1D-4F55-85B1-2BA428FF3E0C}.Release|x64.ActiveCfg = Release|Any CPU
		{7D2ED868-CA1D-4F55-85B1-2BA428FF3E0C}.Release|x64.Build.0 = Release|Any CPU
		{7D2ED868-CA1D-4F55-85B1-2BA428FF3E0C}.Release|x86.ActiveCfg = Release|Any CPU
		{D7E088FB-FD26-4CE8-AE7E-E809F1F2D8AA}.Debug|Any CPU.ActiveCfg = Debug|x86
		{D7E088FB-FD26-4CE8-AE7E-E809F1F2D8AA}.Debug|Mixed Platforms.ActiveCfg = Debug|Any CPU
		{D7E088FB-FD26-4CE8-AE7E-E809F1F2D8AA}.Debug|Mixed Platforms.Build.0 = Debug|Any CPU
		{D7E088FB-FD26-4CE8-AE7E-E809F1F2D8AA}.Debug|x64.ActiveCfg = Debug|Any CPU
		{D7E088FB-FD26-4CE8-AE7E-E809F1F2D8AA}.Debug|x64.Build.0 = Debug|Any CPU
		{D7E088FB-FD26-4CE8-AE7E-E809F1F2D8AA}.Debug|x86.ActiveCfg = Debug|x86
		{D7E088FB-FD26-4CE8-AE7E-E809F1F2D8AA}.Debug|x86.Build.0 = Debug|x86
		{D7E088FB-FD26-4CE8-AE7E-E809F1F2D8AA}.Release|Any CPU.ActiveCfg = Release|x86
		{D7E088FB-FD26-4CE8-AE7E-E809F1F2D8AA}.Release|Mixed Platforms.ActiveCfg = Release|x86
		{D7E088FB-FD26-4CE8-AE7E-E809F1F2D8AA}.Release|Mixed Platforms.Build.0 = Release|x86
		{D7E088FB-FD26-4CE8-AE7E-E809F1F2D8AA}.Release|x64.ActiveCfg = Release|Any CPU
		{D7E088FB-FD26-4CE8-AE7E-E809F1F2D8AA}.Release|x64.Build.0 = Release|Any CPU
		{D7E088FB-FD26-4CE8-AE7E-E809F1F2D8AA}.Release|x86.ActiveCfg = Release|x86
		{D7E088FB-FD26-4CE8-AE7E-E809F1F2D8AA}.Release|x86.Build.0 = Release|x86
		{A1B2C3D4-E5F6-7890-ABCD-EF1234567890}.Debug|Any CPU.ActiveCfg = Debug|Any CPU
		{A1B2C3D4-E5F6-7890-ABCD-EF1234567890}.Debug|Any CPU.Build.0 = Debug|Any CPU
		{A1B2C3D4-E5F6-7890-ABCD-EF1234567890}.Debug|Mixed Platforms.ActiveCfg = Debug|Any CPU
		{A1B2C3D4-E5F6-7890-ABCD-EF1234567890}.Debug|Mixed Platforms.Build.0 = Debug|Any CPU
		{A1B2C3D4-E5F6-7890-ABCD-EF1234567890}.Debug|x64.ActiveCfg = Debug|Any CPU
		{A1B2C3D4-E5F6-7890-ABCD-EF1234567890}.Debug|x64.Build.0 = Debug|Any CPU
		{A1B2C3D4-E5F6-7890-ABCD-EF1234567890}.Debug|x86.ActiveCfg = Debug|Any CPU
		{A1B2C3D4-E5F6-7890-ABCD-EF1234567890}.Debug|x86.Build.0 = Debug|Any CPU
		{A1B2C3D4-E5F6-7890-ABCD-EF1234567890}.Release|Any CPU.ActiveCfg = Release|Any CPU
		{A1B2C3D4-E5F6-7890-ABCD-EF1234567890}.Release|Any CPU.Build.0 = Release|Any CPU
		{A1B2C3D4-E5F6-7890-ABCD-EF1234567890}.Release|Mixed Platforms.ActiveCfg = Release|Any CPU
		{A1B2C3D4-E5F6-7890-ABCD-EF1234567890}.Release|Mixed Platforms.Build.0 = Release|Any CPU
		{A1B2C3D4-E5F6-7890-ABCD-EF1234567890}.Release|x64.ActiveCfg = Release|Any CPU
		{A1B2C3D4-E5F6-7890-ABCD-EF1234567890}.Release|x64.Build.0 = Release|Any CPU
		{A1B2C3D4-E5F6-7890-ABCD-EF1234567890}.Release|x86.ActiveCfg = Release|Any CPU
		{A1B2C3D4-E5F6-7890-ABCD-EF1234567890}.Release|x86.Build.0 = Release|Any CPU
		{208754FD-B132-EEBD-A1C1-FC105730B970}.Debug|Any CPU.ActiveCfg = Debug|Any CPU
		{208754FD-B132-EEBD-A1C1-FC105730B970}.Debug|Any CPU.Build.0 = Debug|Any CPU
		{208754FD-B132-EEBD-A1C1-FC105730B970}.Debug|Mixed Platforms.ActiveCfg = Debug|Any CPU
		{208754FD-B132-EEBD-A1C1-FC105730B970}.Debug|Mixed Platforms.Build.0 = Debug|Any CPU
		{208754FD-B132-EEBD-A1C1-FC105730B970}.Debug|x64.ActiveCfg = Debug|Any CPU
		{208754FD-B132-EEBD-A1C1-FC105730B970}.Debug|x64.Build.0 = Debug|Any CPU
		{208754FD-B132-EEBD-A1C1-FC105730B970}.Debug|x86.ActiveCfg = Debug|Any CPU
		{208754FD-B132-EEBD-A1C1-FC105730B970}.Debug|x86.Build.0 = Debug|Any CPU
		{208754FD-B132-EEBD-A1C1-FC105730B970}.Release|Any CPU.ActiveCfg = Release|Any CPU
		{208754FD-B132-EEBD-A1C1-FC105730B970}.Release|Any CPU.Build.0 = Release|Any CPU
		{208754FD-B132-EEBD-A1C1-FC105730B970}.Release|Mixed Platforms.ActiveCfg = Release|Any CPU
		{208754FD-B132-EEBD-A1C1-FC105730B970}.Release|Mixed Platforms.Build.0 = Release|Any CPU
		{208754FD-B132-EEBD-A1C1-FC105730B970}.Release|x64.ActiveCfg = Release|Any CPU
		{208754FD-B132-EEBD-A1C1-FC105730B970}.Release|x64.Build.0 = Release|Any CPU
		{208754FD-B132-EEBD-A1C1-FC105730B970}.Release|x86.ActiveCfg = Release|Any CPU
		{208754FD-B132-EEBD-A1C1-FC105730B970}.Release|x86.Build.0 = Release|Any CPU
		{E3D12E77-2A2B-4D14-A76E-9E7FD9AB534A}.Debug|Any CPU.ActiveCfg = Debug|Any CPU
		{E3D12E77-2A2B-4D14-A76E-9E7FD9AB534A}.Debug|Any CPU.Build.0 = Debug|Any CPU
		{E3D12E77-2A2B-4D14-A76E-9E7FD9AB534A}.Debug|Mixed Platforms.ActiveCfg = Debug|Any CPU
		{E3D12E77-2A2B-4D14-A76E-9E7FD9AB534A}.Debug|Mixed Platforms.Build.0 = Debug|Any CPU
		{E3D12E77-2A2B-4D14-A76E-9E7FD9AB534A}.Debug|x64.ActiveCfg = Debug|Any CPU
		{E3D12E77-2A2B-4D14-A76E-9E7FD9AB534A}.Debug|x64.Build.0 = Debug|Any CPU
		{E3D12E77-2A2B-4D14-A76E-9E7FD9AB534A}.Debug|x86.ActiveCfg = Debug|Any CPU
		{E3D12E77-2A2B-4D14-A76E-9E7FD9AB534A}.Debug|x86.Build.0 = Debug|Any CPU
		{E3D12E77-2A2B-4D14-A76E-9E7FD9AB534A}.Release|Any CPU.ActiveCfg = Release|Any CPU
		{E3D12E77-2A2B-4D14-A76E-9E7FD9AB534A}.Release|Any CPU.Build.0 = Release|Any CPU
		{E3D12E77-2A2B-4D14-A76E-9E7FD9AB534A}.Release|Mixed Platforms.ActiveCfg = Release|Any CPU
		{E3D12E77-2A2B-4D14-A76E-9E7FD9AB534A}.Release|Mixed Platforms.Build.0 = Release|Any CPU
		{E3D12E77-2A2B-4D14-A76E-9E7FD9AB534A}.Release|x64.ActiveCfg = Release|Any CPU
		{E3D12E77-2A2B-4D14-A76E-9E7FD9AB534A}.Release|x64.Build.0 = Release|Any CPU
		{E3D12E77-2A2B-4D14-A76E-9E7FD9AB534A}.Release|x86.ActiveCfg = Release|Any CPU
		{E3D12E77-2A2B-4D14-A76E-9E7FD9AB534A}.Release|x86.Build.0 = Release|Any CPU
		{52B85595-4300-4725-A0C9-87D3AEAAA9AA}.Debug|Any CPU.ActiveCfg = Debug|Any CPU
		{52B85595-4300-4725-A0C9-87D3AEAAA9AA}.Debug|Any CPU.Build.0 = Debug|Any CPU
		{52B85595-4300-4725-A0C9-87D3AEAAA9AA}.Debug|Mixed Platforms.ActiveCfg = Debug|Any CPU
		{52B85595-4300-4725-A0C9-87D3AEAAA9AA}.Debug|Mixed Platforms.Build.0 = Debug|Any CPU
		{52B85595-4300-4725-A0C9-87D3AEAAA9AA}.Debug|x64.ActiveCfg = Debug|Any CPU
		{52B85595-4300-4725-A0C9-87D3AEAAA9AA}.Debug|x64.Build.0 = Debug|Any CPU
		{52B85595-4300-4725-A0C9-87D3AEAAA9AA}.Debug|x86.ActiveCfg = Debug|Any CPU
		{52B85595-4300-4725-A0C9-87D3AEAAA9AA}.Debug|x86.Build.0 = Debug|Any CPU
		{52B85595-4300-4725-A0C9-87D3AEAAA9AA}.Release|Any CPU.ActiveCfg = Release|Any CPU
		{52B85595-4300-4725-A0C9-87D3AEAAA9AA}.Release|Any CPU.Build.0 = Release|Any CPU
		{52B85595-4300-4725-A0C9-87D3AEAAA9AA}.Release|Mixed Platforms.ActiveCfg = Release|Any CPU
		{52B85595-4300-4725-A0C9-87D3AEAAA9AA}.Release|Mixed Platforms.Build.0 = Release|Any CPU
		{52B85595-4300-4725-A0C9-87D3AEAAA9AA}.Release|x64.ActiveCfg = Release|Any CPU
		{52B85595-4300-4725-A0C9-87D3AEAAA9AA}.Release|x64.Build.0 = Release|Any CPU
		{52B85595-4300-4725-A0C9-87D3AEAAA9AA}.Release|x86.ActiveCfg = Release|Any CPU
		{52B85595-4300-4725-A0C9-87D3AEAAA9AA}.Release|x86.Build.0 = Release|Any CPU
		{3A4B5C6D-7E8F-9A0B-C1D2-E3F4A5B6C7D8}.Debug|Any CPU.ActiveCfg = Debug|Any CPU
		{3A4B5C6D-7E8F-9A0B-C1D2-E3F4A5B6C7D8}.Debug|Any CPU.Build.0 = Debug|Any CPU
		{3A4B5C6D-7E8F-9A0B-C1D2-E3F4A5B6C7D8}.Debug|Mixed Platforms.ActiveCfg = Debug|Any CPU
		{3A4B5C6D-7E8F-9A0B-C1D2-E3F4A5B6C7D8}.Debug|Mixed Platforms.Build.0 = Debug|Any CPU
		{3A4B5C6D-7E8F-9A0B-C1D2-E3F4A5B6C7D8}.Debug|x64.ActiveCfg = Debug|Any CPU
		{3A4B5C6D-7E8F-9A0B-C1D2-E3F4A5B6C7D8}.Debug|x64.Build.0 = Debug|Any CPU
		{3A4B5C6D-7E8F-9A0B-C1D2-E3F4A5B6C7D8}.Debug|x86.ActiveCfg = Debug|Any CPU
		{3A4B5C6D-7E8F-9A0B-C1D2-E3F4A5B6C7D8}.Release|Any CPU.ActiveCfg = Release|Any CPU
		{3A4B5C6D-7E8F-9A0B-C1D2-E3F4A5B6C7D8}.Release|Any CPU.Build.0 = Release|Any CPU
		{3A4B5C6D-7E8F-9A0B-C1D2-E3F4A5B6C7D8}.Release|Mixed Platforms.ActiveCfg = Release|Any CPU
		{3A4B5C6D-7E8F-9A0B-C1D2-E3F4A5B6C7D8}.Release|Mixed Platforms.Build.0 = Release|Any CPU
		{3A4B5C6D-7E8F-9A0B-C1D2-E3F4A5B6C7D8}.Release|x64.ActiveCfg = Release|Any CPU
		{3A4B5C6D-7E8F-9A0B-C1D2-E3F4A5B6C7D8}.Release|x64.Build.0 = Release|Any CPU
		{3A4B5C6D-7E8F-9A0B-C1D2-E3F4A5B6C7D8}.Release|x86.ActiveCfg = Release|Any CPU
		{8DD90A45-56EC-605B-636B-C5238328283F}.Debug|Any CPU.ActiveCfg = Debug|Any CPU
		{8DD90A45-56EC-605B-636B-C5238328283F}.Debug|Any CPU.Build.0 = Debug|Any CPU
		{8DD90A45-56EC-605B-636B-C5238328283F}.Debug|Mixed Platforms.ActiveCfg = Debug|Any CPU
		{8DD90A45-56EC-605B-636B-C5238328283F}.Debug|Mixed Platforms.Build.0 = Debug|Any CPU
		{8DD90A45-56EC-605B-636B-C5238328283F}.Debug|x64.ActiveCfg = Debug|Any CPU
		{8DD90A45-56EC-605B-636B-C5238328283F}.Debug|x64.Build.0 = Debug|Any CPU
		{8DD90A45-56EC-605B-636B-C5238328283F}.Debug|x86.ActiveCfg = Debug|Any CPU
		{8DD90A45-56EC-605B-636B-C5238328283F}.Debug|x86.Build.0 = Debug|Any CPU
		{8DD90A45-56EC-605B-636B-C5238328283F}.Release|Any CPU.ActiveCfg = Release|Any CPU
		{8DD90A45-56EC-605B-636B-C5238328283F}.Release|Any CPU.Build.0 = Release|Any CPU
		{8DD90A45-56EC-605B-636B-C5238328283F}.Release|Mixed Platforms.ActiveCfg = Release|Any CPU
		{8DD90A45-56EC-605B-636B-C5238328283F}.Release|Mixed Platforms.Build.0 = Release|Any CPU
		{8DD90A45-56EC-605B-636B-C5238328283F}.Release|x64.ActiveCfg = Release|Any CPU
		{8DD90A45-56EC-605B-636B-C5238328283F}.Release|x64.Build.0 = Release|Any CPU
		{8DD90A45-56EC-605B-636B-C5238328283F}.Release|x86.ActiveCfg = Release|Any CPU
		{8DD90A45-56EC-605B-636B-C5238328283F}.Release|x86.Build.0 = Release|Any CPU
		{757C399E-8773-053E-A919-24DB11B7766A}.Debug|Any CPU.ActiveCfg = Debug|Any CPU
		{757C399E-8773-053E-A919-24DB11B7766A}.Debug|Any CPU.Build.0 = Debug|Any CPU
		{757C399E-8773-053E-A919-24DB11B7766A}.Debug|Mixed Platforms.ActiveCfg = Debug|Any CPU
		{757C399E-8773-053E-A919-24DB11B7766A}.Debug|Mixed Platforms.Build.0 = Debug|Any CPU
		{757C399E-8773-053E-A919-24DB11B7766A}.Debug|x64.ActiveCfg = Debug|Any CPU
		{757C399E-8773-053E-A919-24DB11B7766A}.Debug|x64.Build.0 = Debug|Any CPU
		{757C399E-8773-053E-A919-24DB11B7766A}.Debug|x86.ActiveCfg = Debug|Any CPU
		{757C399E-8773-053E-A919-24DB11B7766A}.Debug|x86.Build.0 = Debug|Any CPU
		{757C399E-8773-053E-A919-24DB11B7766A}.Release|Any CPU.ActiveCfg = Release|Any CPU
		{757C399E-8773-053E-A919-24DB11B7766A}.Release|Any CPU.Build.0 = Release|Any CPU
		{757C399E-8773-053E-A919-24DB11B7766A}.Release|Mixed Platforms.ActiveCfg = Release|Any CPU
		{757C399E-8773-053E-A919-24DB11B7766A}.Release|Mixed Platforms.Build.0 = Release|Any CPU
		{757C399E-8773-053E-A919-24DB11B7766A}.Release|x64.ActiveCfg = Release|Any CPU
		{757C399E-8773-053E-A919-24DB11B7766A}.Release|x64.Build.0 = Release|Any CPU
		{757C399E-8773-053E-A919-24DB11B7766A}.Release|x86.ActiveCfg = Release|Any CPU
		{757C399E-8773-053E-A919-24DB11B7766A}.Release|x86.Build.0 = Release|Any CPU
		{F0FB514C-73FC-48C8-7360-D630D5518620}.Debug|Any CPU.ActiveCfg = Debug|Any CPU
		{F0FB514C-73FC-48C8-7360-D630D5518620}.Debug|Any CPU.Build.0 = Debug|Any CPU
		{F0FB514C-73FC-48C8-7360-D630D5518620}.Debug|Mixed Platforms.ActiveCfg = Debug|Any CPU
		{F0FB514C-73FC-48C8-7360-D630D5518620}.Debug|Mixed Platforms.Build.0 = Debug|Any CPU
		{F0FB514C-73FC-48C8-7360-D630D5518620}.Debug|x64.ActiveCfg = Debug|Any CPU
		{F0FB514C-73FC-48C8-7360-D630D5518620}.Debug|x64.Build.0 = Debug|Any CPU
		{F0FB514C-73FC-48C8-7360-D630D5518620}.Debug|x86.ActiveCfg = Debug|Any CPU
		{F0FB514C-73FC-48C8-7360-D630D5518620}.Debug|x86.Build.0 = Debug|Any CPU
		{F0FB514C-73FC-48C8-7360-D630D5518620}.Release|Any CPU.ActiveCfg = Release|Any CPU
		{F0FB514C-73FC-48C8-7360-D630D5518620}.Release|Any CPU.Build.0 = Release|Any CPU
		{F0FB514C-73FC-48C8-7360-D630D5518620}.Release|Mixed Platforms.ActiveCfg = Release|Any CPU
		{F0FB514C-73FC-48C8-7360-D630D5518620}.Release|Mixed Platforms.Build.0 = Release|Any CPU
		{F0FB514C-73FC-48C8-7360-D630D5518620}.Release|x64.ActiveCfg = Release|Any CPU
		{F0FB514C-73FC-48C8-7360-D630D5518620}.Release|x64.Build.0 = Release|Any CPU
		{F0FB514C-73FC-48C8-7360-D630D5518620}.Release|x86.ActiveCfg = Release|Any CPU
		{F0FB514C-73FC-48C8-7360-D630D5518620}.Release|x86.Build.0 = Release|Any CPU
		{0B974397-F623-4D66-886C-B02C1ED22A7D}.Debug|Any CPU.ActiveCfg = Debug|Any CPU
		{0B974397-F623-4D66-886C-B02C1ED22A7D}.Debug|Any CPU.Build.0 = Debug|Any CPU
		{0B974397-F623-4D66-886C-B02C1ED22A7D}.Debug|Mixed Platforms.ActiveCfg = Debug|Any CPU
		{0B974397-F623-4D66-886C-B02C1ED22A7D}.Debug|Mixed Platforms.Build.0 = Debug|Any CPU
		{0B974397-F623-4D66-886C-B02C1ED22A7D}.Debug|x64.ActiveCfg = Debug|Any CPU
		{0B974397-F623-4D66-886C-B02C1ED22A7D}.Debug|x64.Build.0 = Debug|Any CPU
		{0B974397-F623-4D66-886C-B02C1ED22A7D}.Debug|x86.ActiveCfg = Debug|Any CPU
		{0B974397-F623-4D66-886C-B02C1ED22A7D}.Debug|x86.Build.0 = Debug|Any CPU
		{0B974397-F623-4D66-886C-B02C1ED22A7D}.Release|Any CPU.ActiveCfg = Release|Any CPU
		{0B974397-F623-4D66-886C-B02C1ED22A7D}.Release|Any CPU.Build.0 = Release|Any CPU
		{0B974397-F623-4D66-886C-B02C1ED22A7D}.Release|Mixed Platforms.ActiveCfg = Release|Any CPU
		{0B974397-F623-4D66-886C-B02C1ED22A7D}.Release|Mixed Platforms.Build.0 = Release|Any CPU
		{0B974397-F623-4D66-886C-B02C1ED22A7D}.Release|x64.ActiveCfg = Release|Any CPU
		{0B974397-F623-4D66-886C-B02C1ED22A7D}.Release|x64.Build.0 = Release|Any CPU
		{0B974397-F623-4D66-886C-B02C1ED22A7D}.Release|x86.ActiveCfg = Release|Any CPU
		{0B974397-F623-4D66-886C-B02C1ED22A7D}.Release|x86.Build.0 = Release|Any CPU
		{FEEB1002-3DC0-453D-87F6-9DC665C4097B}.Debug|Any CPU.ActiveCfg = Debug|Any CPU
		{FEEB1002-3DC0-453D-87F6-9DC665C4097B}.Debug|Any CPU.Build.0 = Debug|Any CPU
		{FEEB1002-3DC0-453D-87F6-9DC665C4097B}.Debug|Mixed Platforms.ActiveCfg = Debug|Any CPU
		{FEEB1002-3DC0-453D-87F6-9DC665C4097B}.Debug|Mixed Platforms.Build.0 = Debug|Any CPU
		{FEEB1002-3DC0-453D-87F6-9DC665C4097B}.Debug|x64.ActiveCfg = Debug|Any CPU
		{FEEB1002-3DC0-453D-87F6-9DC665C4097B}.Debug|x64.Build.0 = Debug|Any CPU
		{FEEB1002-3DC0-453D-87F6-9DC665C4097B}.Debug|x86.ActiveCfg = Debug|Any CPU
		{FEEB1002-3DC0-453D-87F6-9DC665C4097B}.Debug|x86.Build.0 = Debug|Any CPU
		{FEEB1002-3DC0-453D-87F6-9DC665C4097B}.Release|Any CPU.ActiveCfg = Release|Any CPU
		{FEEB1002-3DC0-453D-87F6-9DC665C4097B}.Release|Any CPU.Build.0 = Release|Any CPU
		{FEEB1002-3DC0-453D-87F6-9DC665C4097B}.Release|Mixed Platforms.ActiveCfg = Release|Any CPU
		{FEEB1002-3DC0-453D-87F6-9DC665C4097B}.Release|Mixed Platforms.Build.0 = Release|Any CPU
		{FEEB1002-3DC0-453D-87F6-9DC665C4097B}.Release|x64.ActiveCfg = Release|Any CPU
		{FEEB1002-3DC0-453D-87F6-9DC665C4097B}.Release|x64.Build.0 = Release|Any CPU
		{FEEB1002-3DC0-453D-87F6-9DC665C4097B}.Release|x86.ActiveCfg = Release|Any CPU
		{FEEB1002-3DC0-453D-87F6-9DC665C4097B}.Release|x86.Build.0 = Release|Any CPU
		{46216497-3C9B-48A6-A03F-970B64DFFCCF}.Debug|Any CPU.ActiveCfg = Debug|Any CPU
		{46216497-3C9B-48A6-A03F-970B64DFFCCF}.Debug|Any CPU.Build.0 = Debug|Any CPU
		{46216497-3C9B-48A6-A03F-970B64DFFCCF}.Debug|Mixed Platforms.ActiveCfg = Debug|Any CPU
		{46216497-3C9B-48A6-A03F-970B64DFFCCF}.Debug|Mixed Platforms.Build.0 = Debug|Any CPU
		{46216497-3C9B-48A6-A03F-970B64DFFCCF}.Debug|x64.ActiveCfg = Debug|Any CPU
		{46216497-3C9B-48A6-A03F-970B64DFFCCF}.Debug|x64.Build.0 = Debug|Any CPU
		{46216497-3C9B-48A6-A03F-970B64DFFCCF}.Debug|x86.ActiveCfg = Debug|Any CPU
		{46216497-3C9B-48A6-A03F-970B64DFFCCF}.Debug|x86.Build.0 = Debug|Any CPU
		{46216497-3C9B-48A6-A03F-970B64DFFCCF}.Release|Any CPU.ActiveCfg = Release|Any CPU
		{46216497-3C9B-48A6-A03F-970B64DFFCCF}.Release|Any CPU.Build.0 = Release|Any CPU
		{46216497-3C9B-48A6-A03F-970B64DFFCCF}.Release|Mixed Platforms.ActiveCfg = Release|Any CPU
		{46216497-3C9B-48A6-A03F-970B64DFFCCF}.Release|Mixed Platforms.Build.0 = Release|Any CPU
		{46216497-3C9B-48A6-A03F-970B64DFFCCF}.Release|x64.ActiveCfg = Release|Any CPU
		{46216497-3C9B-48A6-A03F-970B64DFFCCF}.Release|x64.Build.0 = Release|Any CPU
		{46216497-3C9B-48A6-A03F-970B64DFFCCF}.Release|x86.ActiveCfg = Release|Any CPU
		{46216497-3C9B-48A6-A03F-970B64DFFCCF}.Release|x86.Build.0 = Release|Any CPU
		{F059118F-6A87-7D7B-03FE-2B7D24A12554}.Debug|Any CPU.ActiveCfg = Debug|Any CPU
		{F059118F-6A87-7D7B-03FE-2B7D24A12554}.Debug|Any CPU.Build.0 = Debug|Any CPU
		{F059118F-6A87-7D7B-03FE-2B7D24A12554}.Debug|Mixed Platforms.ActiveCfg = Debug|Any CPU
		{F059118F-6A87-7D7B-03FE-2B7D24A12554}.Debug|Mixed Platforms.Build.0 = Debug|Any CPU
		{F059118F-6A87-7D7B-03FE-2B7D24A12554}.Debug|x64.ActiveCfg = Debug|Any CPU
		{F059118F-6A87-7D7B-03FE-2B7D24A12554}.Debug|x64.Build.0 = Debug|Any CPU
		{F059118F-6A87-7D7B-03FE-2B7D24A12554}.Debug|x86.ActiveCfg = Debug|Any CPU
		{F059118F-6A87-7D7B-03FE-2B7D24A12554}.Debug|x86.Build.0 = Debug|Any CPU
		{F059118F-6A87-7D7B-03FE-2B7D24A12554}.Release|Any CPU.ActiveCfg = Release|Any CPU
		{F059118F-6A87-7D7B-03FE-2B7D24A12554}.Release|Any CPU.Build.0 = Release|Any CPU
		{F059118F-6A87-7D7B-03FE-2B7D24A12554}.Release|Mixed Platforms.ActiveCfg = Release|Any CPU
		{F059118F-6A87-7D7B-03FE-2B7D24A12554}.Release|Mixed Platforms.Build.0 = Release|Any CPU
		{F059118F-6A87-7D7B-03FE-2B7D24A12554}.Release|x64.ActiveCfg = Release|Any CPU
		{F059118F-6A87-7D7B-03FE-2B7D24A12554}.Release|x64.Build.0 = Release|Any CPU
		{F059118F-6A87-7D7B-03FE-2B7D24A12554}.Release|x86.ActiveCfg = Release|Any CPU
		{F059118F-6A87-7D7B-03FE-2B7D24A12554}.Release|x86.Build.0 = Release|Any CPU
		{7472B43A-FACF-4F8D-BF93-B409561F2685}.Debug|Any CPU.ActiveCfg = Debug|Any CPU
		{7472B43A-FACF-4F8D-BF93-B409561F2685}.Debug|Any CPU.Build.0 = Debug|Any CPU
		{7472B43A-FACF-4F8D-BF93-B409561F2685}.Debug|Mixed Platforms.ActiveCfg = Debug|Any CPU
		{7472B43A-FACF-4F8D-BF93-B409561F2685}.Debug|Mixed Platforms.Build.0 = Debug|Any CPU
		{7472B43A-FACF-4F8D-BF93-B409561F2685}.Debug|x64.ActiveCfg = Debug|Any CPU
		{7472B43A-FACF-4F8D-BF93-B409561F2685}.Debug|x64.Build.0 = Debug|Any CPU
		{7472B43A-FACF-4F8D-BF93-B409561F2685}.Debug|x86.ActiveCfg = Debug|Any CPU
		{7472B43A-FACF-4F8D-BF93-B409561F2685}.Debug|x86.Build.0 = Debug|Any CPU
		{7472B43A-FACF-4F8D-BF93-B409561F2685}.Release|Any CPU.ActiveCfg = Release|Any CPU
		{7472B43A-FACF-4F8D-BF93-B409561F2685}.Release|Any CPU.Build.0 = Release|Any CPU
		{7472B43A-FACF-4F8D-BF93-B409561F2685}.Release|Mixed Platforms.ActiveCfg = Release|Any CPU
		{7472B43A-FACF-4F8D-BF93-B409561F2685}.Release|Mixed Platforms.Build.0 = Release|Any CPU
		{7472B43A-FACF-4F8D-BF93-B409561F2685}.Release|x64.ActiveCfg = Release|Any CPU
		{7472B43A-FACF-4F8D-BF93-B409561F2685}.Release|x64.Build.0 = Release|Any CPU
		{7472B43A-FACF-4F8D-BF93-B409561F2685}.Release|x86.ActiveCfg = Release|Any CPU
		{7472B43A-FACF-4F8D-BF93-B409561F2685}.Release|x86.Build.0 = Release|Any CPU
		{98C81696-AE38-5E2D-E2A5-70DBBD23CEE1}.Debug|Any CPU.ActiveCfg = Debug|Any CPU
		{98C81696-AE38-5E2D-E2A5-70DBBD23CEE1}.Debug|Any CPU.Build.0 = Debug|Any CPU
		{98C81696-AE38-5E2D-E2A5-70DBBD23CEE1}.Debug|Mixed Platforms.ActiveCfg = Debug|Any CPU
		{98C81696-AE38-5E2D-E2A5-70DBBD23CEE1}.Debug|Mixed Platforms.Build.0 = Debug|Any CPU
		{98C81696-AE38-5E2D-E2A5-70DBBD23CEE1}.Debug|x64.ActiveCfg = Debug|Any CPU
		{98C81696-AE38-5E2D-E2A5-70DBBD23CEE1}.Debug|x64.Build.0 = Debug|Any CPU
		{98C81696-AE38-5E2D-E2A5-70DBBD23CEE1}.Debug|x86.ActiveCfg = Debug|Any CPU
		{98C81696-AE38-5E2D-E2A5-70DBBD23CEE1}.Debug|x86.Build.0 = Debug|Any CPU
		{98C81696-AE38-5E2D-E2A5-70DBBD23CEE1}.Release|Any CPU.ActiveCfg = Release|Any CPU
		{98C81696-AE38-5E2D-E2A5-70DBBD23CEE1}.Release|Any CPU.Build.0 = Release|Any CPU
		{98C81696-AE38-5E2D-E2A5-70DBBD23CEE1}.Release|Mixed Platforms.ActiveCfg = Release|Any CPU
		{98C81696-AE38-5E2D-E2A5-70DBBD23CEE1}.Release|Mixed Platforms.Build.0 = Release|Any CPU
		{98C81696-AE38-5E2D-E2A5-70DBBD23CEE1}.Release|x64.ActiveCfg = Release|Any CPU
		{98C81696-AE38-5E2D-E2A5-70DBBD23CEE1}.Release|x64.Build.0 = Release|Any CPU
		{98C81696-AE38-5E2D-E2A5-70DBBD23CEE1}.Release|x86.ActiveCfg = Release|Any CPU
		{98C81696-AE38-5E2D-E2A5-70DBBD23CEE1}.Release|x86.Build.0 = Release|Any CPU
		{B3A1C2D4-5E6F-7A8B-9C0D-E1F2A3B4C5D6}.Debug|Any CPU.ActiveCfg = Debug|Any CPU
		{B3A1C2D4-5E6F-7A8B-9C0D-E1F2A3B4C5D6}.Debug|Any CPU.Build.0 = Debug|Any CPU
		{B3A1C2D4-5E6F-7A8B-9C0D-E1F2A3B4C5D6}.Debug|Mixed Platforms.ActiveCfg = Debug|Any CPU
		{B3A1C2D4-5E6F-7A8B-9C0D-E1F2A3B4C5D6}.Debug|Mixed Platforms.Build.0 = Debug|Any CPU
		{B3A1C2D4-5E6F-7A8B-9C0D-E1F2A3B4C5D6}.Debug|x64.ActiveCfg = Debug|Any CPU
		{B3A1C2D4-5E6F-7A8B-9C0D-E1F2A3B4C5D6}.Debug|x64.Build.0 = Debug|Any CPU
		{B3A1C2D4-5E6F-7A8B-9C0D-E1F2A3B4C5D6}.Debug|x86.ActiveCfg = Debug|Any CPU
		{B3A1C2D4-5E6F-7A8B-9C0D-E1F2A3B4C5D6}.Debug|x86.Build.0 = Debug|Any CPU
		{B3A1C2D4-5E6F-7A8B-9C0D-E1F2A3B4C5D6}.Release|Any CPU.ActiveCfg = Release|Any CPU
		{B3A1C2D4-5E6F-7A8B-9C0D-E1F2A3B4C5D6}.Release|Any CPU.Build.0 = Release|Any CPU
		{B3A1C2D4-5E6F-7A8B-9C0D-E1F2A3B4C5D6}.Release|Mixed Platforms.ActiveCfg = Release|Any CPU
		{B3A1C2D4-5E6F-7A8B-9C0D-E1F2A3B4C5D6}.Release|Mixed Platforms.Build.0 = Release|Any CPU
		{B3A1C2D4-5E6F-7A8B-9C0D-E1F2A3B4C5D6}.Release|x64.ActiveCfg = Release|Any CPU
		{B3A1C2D4-5E6F-7A8B-9C0D-E1F2A3B4C5D6}.Release|x64.Build.0 = Release|Any CPU
		{B3A1C2D4-5E6F-7A8B-9C0D-E1F2A3B4C5D6}.Release|x86.ActiveCfg = Release|Any CPU
		{B3A1C2D4-5E6F-7A8B-9C0D-E1F2A3B4C5D6}.Release|x86.Build.0 = Release|Any CPU
		{76A8E796-93C9-06E9-CD9C-CC5D0705AA91}.Debug|Any CPU.ActiveCfg = Debug|Any CPU
		{76A8E796-93C9-06E9-CD9C-CC5D0705AA91}.Debug|Any CPU.Build.0 = Debug|Any CPU
		{76A8E796-93C9-06E9-CD9C-CC5D0705AA91}.Debug|Mixed Platforms.ActiveCfg = Debug|Any CPU
		{76A8E796-93C9-06E9-CD9C-CC5D0705AA91}.Debug|Mixed Platforms.Build.0 = Debug|Any CPU
		{76A8E796-93C9-06E9-CD9C-CC5D0705AA91}.Debug|x64.ActiveCfg = Debug|Any CPU
		{76A8E796-93C9-06E9-CD9C-CC5D0705AA91}.Debug|x64.Build.0 = Debug|Any CPU
		{76A8E796-93C9-06E9-CD9C-CC5D0705AA91}.Debug|x86.ActiveCfg = Debug|Any CPU
		{76A8E796-93C9-06E9-CD9C-CC5D0705AA91}.Debug|x86.Build.0 = Debug|Any CPU
		{76A8E796-93C9-06E9-CD9C-CC5D0705AA91}.Release|Any CPU.ActiveCfg = Release|Any CPU
		{76A8E796-93C9-06E9-CD9C-CC5D0705AA91}.Release|Any CPU.Build.0 = Release|Any CPU
		{76A8E796-93C9-06E9-CD9C-CC5D0705AA91}.Release|Mixed Platforms.ActiveCfg = Release|Any CPU
		{76A8E796-93C9-06E9-CD9C-CC5D0705AA91}.Release|Mixed Platforms.Build.0 = Release|Any CPU
		{76A8E796-93C9-06E9-CD9C-CC5D0705AA91}.Release|x64.ActiveCfg = Release|Any CPU
		{76A8E796-93C9-06E9-CD9C-CC5D0705AA91}.Release|x64.Build.0 = Release|Any CPU
		{76A8E796-93C9-06E9-CD9C-CC5D0705AA91}.Release|x86.ActiveCfg = Release|Any CPU
		{76A8E796-93C9-06E9-CD9C-CC5D0705AA91}.Release|x86.Build.0 = Release|Any CPU
		{EA889D06-E9CB-6431-6D7F-6B8260F3F9BC}.Debug|Any CPU.ActiveCfg = Debug|Any CPU
		{EA889D06-E9CB-6431-6D7F-6B8260F3F9BC}.Debug|Any CPU.Build.0 = Debug|Any CPU
		{EA889D06-E9CB-6431-6D7F-6B8260F3F9BC}.Debug|Mixed Platforms.ActiveCfg = Debug|Any CPU
		{EA889D06-E9CB-6431-6D7F-6B8260F3F9BC}.Debug|Mixed Platforms.Build.0 = Debug|Any CPU
		{EA889D06-E9CB-6431-6D7F-6B8260F3F9BC}.Debug|x64.ActiveCfg = Debug|Any CPU
		{EA889D06-E9CB-6431-6D7F-6B8260F3F9BC}.Debug|x64.Build.0 = Debug|Any CPU
		{EA889D06-E9CB-6431-6D7F-6B8260F3F9BC}.Debug|x86.ActiveCfg = Debug|Any CPU
		{EA889D06-E9CB-6431-6D7F-6B8260F3F9BC}.Debug|x86.Build.0 = Debug|Any CPU
		{EA889D06-E9CB-6431-6D7F-6B8260F3F9BC}.Release|Any CPU.ActiveCfg = Release|Any CPU
		{EA889D06-E9CB-6431-6D7F-6B8260F3F9BC}.Release|Any CPU.Build.0 = Release|Any CPU
		{EA889D06-E9CB-6431-6D7F-6B8260F3F9BC}.Release|Mixed Platforms.ActiveCfg = Release|Any CPU
		{EA889D06-E9CB-6431-6D7F-6B8260F3F9BC}.Release|Mixed Platforms.Build.0 = Release|Any CPU
		{EA889D06-E9CB-6431-6D7F-6B8260F3F9BC}.Release|x64.ActiveCfg = Release|Any CPU
		{EA889D06-E9CB-6431-6D7F-6B8260F3F9BC}.Release|x64.Build.0 = Release|Any CPU
		{EA889D06-E9CB-6431-6D7F-6B8260F3F9BC}.Release|x86.ActiveCfg = Release|Any CPU
		{EA889D06-E9CB-6431-6D7F-6B8260F3F9BC}.Release|x86.Build.0 = Release|Any CPU
		{C1D2E3F4-A5B6-7890-CDEF-123456789ABC}.Debug|Any CPU.ActiveCfg = Debug|Any CPU
		{C1D2E3F4-A5B6-7890-CDEF-123456789ABC}.Debug|Any CPU.Build.0 = Debug|Any CPU
		{C1D2E3F4-A5B6-7890-CDEF-123456789ABC}.Debug|Mixed Platforms.ActiveCfg = Debug|Any CPU
		{C1D2E3F4-A5B6-7890-CDEF-123456789ABC}.Debug|Mixed Platforms.Build.0 = Debug|Any CPU
		{C1D2E3F4-A5B6-7890-CDEF-123456789ABC}.Debug|x64.ActiveCfg = Debug|Any CPU
		{C1D2E3F4-A5B6-7890-CDEF-123456789ABC}.Debug|x64.Build.0 = Debug|Any CPU
		{C1D2E3F4-A5B6-7890-CDEF-123456789ABC}.Debug|x86.ActiveCfg = Debug|Any CPU
		{C1D2E3F4-A5B6-7890-CDEF-123456789ABC}.Debug|x86.Build.0 = Debug|Any CPU
		{C1D2E3F4-A5B6-7890-CDEF-123456789ABC}.Release|Any CPU.ActiveCfg = Release|Any CPU
		{C1D2E3F4-A5B6-7890-CDEF-123456789ABC}.Release|Any CPU.Build.0 = Release|Any CPU
		{C1D2E3F4-A5B6-7890-CDEF-123456789ABC}.Release|Mixed Platforms.ActiveCfg = Release|Any CPU
		{C1D2E3F4-A5B6-7890-CDEF-123456789ABC}.Release|Mixed Platforms.Build.0 = Release|Any CPU
		{C1D2E3F4-A5B6-7890-CDEF-123456789ABC}.Release|x64.ActiveCfg = Release|Any CPU
		{C1D2E3F4-A5B6-7890-CDEF-123456789ABC}.Release|x64.Build.0 = Release|Any CPU
		{C1D2E3F4-A5B6-7890-CDEF-123456789ABC}.Release|x86.ActiveCfg = Release|Any CPU
		{C1D2E3F4-A5B6-7890-CDEF-123456789ABC}.Release|x86.Build.0 = Release|Any CPU
		{D2E3F4A5-B6C7-8901-DEF0-234567890BCD}.Debug|Any CPU.ActiveCfg = Debug|Any CPU
		{D2E3F4A5-B6C7-8901-DEF0-234567890BCD}.Debug|Any CPU.Build.0 = Debug|Any CPU
		{D2E3F4A5-B6C7-8901-DEF0-234567890BCD}.Debug|Mixed Platforms.ActiveCfg = Debug|Any CPU
		{D2E3F4A5-B6C7-8901-DEF0-234567890BCD}.Debug|Mixed Platforms.Build.0 = Debug|Any CPU
		{D2E3F4A5-B6C7-8901-DEF0-234567890BCD}.Debug|x64.ActiveCfg = Debug|Any CPU
		{D2E3F4A5-B6C7-8901-DEF0-234567890BCD}.Debug|x64.Build.0 = Debug|Any CPU
		{D2E3F4A5-B6C7-8901-DEF0-234567890BCD}.Debug|x86.ActiveCfg = Debug|Any CPU
		{D2E3F4A5-B6C7-8901-DEF0-234567890BCD}.Debug|x86.Build.0 = Debug|Any CPU
		{D2E3F4A5-B6C7-8901-DEF0-234567890BCD}.Release|Any CPU.ActiveCfg = Release|Any CPU
		{D2E3F4A5-B6C7-8901-DEF0-234567890BCD}.Release|Any CPU.Build.0 = Release|Any CPU
		{D2E3F4A5-B6C7-8901-DEF0-234567890BCD}.Release|Mixed Platforms.ActiveCfg = Release|Any CPU
		{D2E3F4A5-B6C7-8901-DEF0-234567890BCD}.Release|Mixed Platforms.Build.0 = Release|Any CPU
		{D2E3F4A5-B6C7-8901-DEF0-234567890BCD}.Release|x64.ActiveCfg = Release|Any CPU
		{D2E3F4A5-B6C7-8901-DEF0-234567890BCD}.Release|x64.Build.0 = Release|Any CPU
		{D2E3F4A5-B6C7-8901-DEF0-234567890BCD}.Release|x86.ActiveCfg = Release|Any CPU
		{D2E3F4A5-B6C7-8901-DEF0-234567890BCD}.Release|x86.Build.0 = Release|Any CPU
		{642DBEBD-1EFE-C5F3-2AB7-5E9A195F52F2}.Debug|Any CPU.ActiveCfg = Debug|Any CPU
		{642DBEBD-1EFE-C5F3-2AB7-5E9A195F52F2}.Debug|Any CPU.Build.0 = Debug|Any CPU
		{642DBEBD-1EFE-C5F3-2AB7-5E9A195F52F2}.Debug|Mixed Platforms.ActiveCfg = Debug|Any CPU
		{642DBEBD-1EFE-C5F3-2AB7-5E9A195F52F2}.Debug|Mixed Platforms.Build.0 = Debug|Any CPU
		{642DBEBD-1EFE-C5F3-2AB7-5E9A195F52F2}.Debug|x64.ActiveCfg = Debug|Any CPU
		{642DBEBD-1EFE-C5F3-2AB7-5E9A195F52F2}.Debug|x64.Build.0 = Debug|Any CPU
		{642DBEBD-1EFE-C5F3-2AB7-5E9A195F52F2}.Debug|x86.ActiveCfg = Debug|Any CPU
		{642DBEBD-1EFE-C5F3-2AB7-5E9A195F52F2}.Debug|x86.Build.0 = Debug|Any CPU
		{642DBEBD-1EFE-C5F3-2AB7-5E9A195F52F2}.Release|Any CPU.ActiveCfg = Release|Any CPU
		{642DBEBD-1EFE-C5F3-2AB7-5E9A195F52F2}.Release|Any CPU.Build.0 = Release|Any CPU
		{642DBEBD-1EFE-C5F3-2AB7-5E9A195F52F2}.Release|Mixed Platforms.ActiveCfg = Release|Any CPU
		{642DBEBD-1EFE-C5F3-2AB7-5E9A195F52F2}.Release|Mixed Platforms.Build.0 = Release|Any CPU
		{642DBEBD-1EFE-C5F3-2AB7-5E9A195F52F2}.Release|x64.ActiveCfg = Release|Any CPU
		{642DBEBD-1EFE-C5F3-2AB7-5E9A195F52F2}.Release|x64.Build.0 = Release|Any CPU
		{642DBEBD-1EFE-C5F3-2AB7-5E9A195F52F2}.Release|x86.ActiveCfg = Release|Any CPU
		{642DBEBD-1EFE-C5F3-2AB7-5E9A195F52F2}.Release|x86.Build.0 = Release|Any CPU
	EndGlobalSection
	GlobalSection(SolutionProperties) = preSolution
		HideSolutionNode = FALSE
	EndGlobalSection
	GlobalSection(NestedProjects) = preSolution
		{7D2ED868-CA1D-4F55-85B1-2BA428FF3E0C} = {AFC28C9E-17FD-4DEC-9870-8B98C661764A}
		{D7E088FB-FD26-4CE8-AE7E-E809F1F2D8AA} = {AFC28C9E-17FD-4DEC-9870-8B98C661764A}
		{A1B2C3D4-E5F6-7890-ABCD-EF1234567890} = {AFC28C9E-17FD-4DEC-9870-8B98C661764A}
		{3B510C60-8DE3-4B61-A934-5FAB2A699657} = {FC217C36-1278-4820-86D5-951EFEF6E28D}
		{757C399E-8773-053E-A919-24DB11B7766A} = {AFC28C9E-17FD-4DEC-9870-8B98C661764A}
		{F0FB514C-73FC-48C8-7360-D630D5518620} = {AFC28C9E-17FD-4DEC-9870-8B98C661764A}
		{0855DCA7-B21B-4C1A-BED9-D962837CED0E} = {FC217C36-1278-4820-86D5-951EFEF6E28D}
		{3752648C-1686-442C-B3CB-D6E2DFD260CA} = {FC217C36-1278-4820-86D5-951EFEF6E28D}
		{F059118F-6A87-7D7B-03FE-2B7D24A12554} = {AD16FE1C-14B5-4F89-83DD-933D044DC211}
		{7472B43A-FACF-4F8D-BF93-B409561F2685} = {AD16FE1C-14B5-4F89-83DD-933D044DC211}
		{98C81696-AE38-5E2D-E2A5-70DBBD23CEE1} = {AD16FE1C-14B5-4F89-83DD-933D044DC211}
		{B3A1C2D4-5E6F-7A8B-9C0D-E1F2A3B4C5D6} = {AD16FE1C-14B5-4F89-83DD-933D044DC211}
		{02EA681E-C7D8-13C7-8484-4AC65E1B71E8} = {3752648C-1686-442C-B3CB-D6E2DFD260CA}
		{B3863636-AEE0-487D-91B4-A12328913A48} = {AD16FE1C-14B5-4F89-83DD-933D044DC211}
		{642DBEBD-1EFE-C5F3-2AB7-5E9A195F52F2} = {9E16DEC8-4A17-4DE9-B359-132983D65993}
	EndGlobalSection
	GlobalSection(ExtensibilityGlobals) = postSolution
		SolutionGuid = {A027047D-3D9C-4015-B3E0-DEEAE46DA4CC}
	EndGlobalSection
EndGlobal
